
Microsoft Visual Studio Solution File, Format Version 12.00
# Visual Studio Version 17
VisualStudioVersion = 17.9.34622.214
MinimumVisualStudioVersion = 10.0.40219.1
Project("{9A19103F-16F7-4668-BE54-9A1E7A4F7556}") = "Laby3", "Laby3\Laby3.csproj", "{64D4CD51-57C9-4606-A929-5B5120B70138}"
EndProject
Project("{FAE04EC0-301F-11D3-BF4B-00C04F79EFBC}") = "Obrazy", "Obrazy\Obrazy.csproj", "{BAF44EEF-9934-40D1-8065-8B04A33FE53B}"
EndProject
Global
	GlobalSection(SolutionConfigurationPlatforms) = preSolution
		Debug|Any CPU = Debug|Any CPU
		Release|Any CPU = Release|Any CPU
	EndGlobalSection
	GlobalSection(ProjectConfigurationPlatforms) = postSolution
		{64D4CD51-57C9-4606-A929-5B5120B70138}.Debug|Any CPU.ActiveCfg = Debug|Any CPU
		{64D4CD51-57C9-4606-A929-5B5120B70138}.Debug|Any CPU.Build.0 = Debug|Any CPU
		{64D4CD51-57C9-4606-A929-5B5120B70138}.Release|Any CPU.ActiveCfg = Release|Any CPU
		{64D4CD51-57C9-4606-A929-5B5120B70138}.Release|Any CPU.Build.0 = Release|Any CPU
		{BAF44EEF-9934-40D1-8065-8B04A33FE53B}.Debug|Any CPU.ActiveCfg = Debug|Any CPU
		{BAF44EEF-9934-40D1-8065-8B04A33FE53B}.Debug|Any CPU.Build.0 = Debug|Any CPU
		{BAF44EEF-9934-40D1-8065-8B04A33FE53B}.Release|Any CPU.ActiveCfg = Release|Any CPU
		{BAF44EEF-9934-40D1-8065-8B04A33FE53B}.Release|Any CPU.Build.0 = Release|Any CPU
	EndGlobalSection
	GlobalSection(SolutionProperties) = preSolution
		HideSolutionNode = FALSE
	EndGlobalSection
	GlobalSection(ExtensibilityGlobals) = postSolution
		SolutionGuid = {EDF9352D-4848-4772-A1E2-FD6BB4F0FED2}
	EndGlobalSection
EndGlobal
